
Microsoft Visual Studio Solution File, Format Version 12.00
# Visual Studio Version 16
VisualStudioVersion = 16.0.29009.5
MinimumVisualStudioVersion = 10.0.40219.1
Project("{FAE04EC0-301F-11D3-BF4B-00C04F79EFBC}") = "FirstBadVersion", "FirstBadVersion\FirstBadVersion.csproj", "{D960A2BD-9EB2-4394-83E0-67A89331AB7D}"
EndProject
Global
	GlobalSection(SolutionConfigurationPlatforms) = preSolution
		Debug|Any CPU = Debug|Any CPU
		Release|Any CPU = Release|Any CPU
	EndGlobalSection
	GlobalSection(ProjectConfigurationPlatforms) = postSolution
		{D960A2BD-9EB2-4394-83E0-67A89331AB7D}.Debug|Any CPU.ActiveCfg = Debug|Any CPU
		{D960A2BD-9EB2-4394-83E0-67A89331AB7D}.Debug|Any CPU.Build.0 = Debug|Any CPU
		{D960A2BD-9EB2-4394-83E0-67A89331AB7D}.Release|Any CPU.ActiveCfg = Release|Any CPU
		{D960A2BD-9EB2-4394-83E0-67A89331AB7D}.Release|Any CPU.Build.0 = Release|Any CPU
	EndGlobalSection
	GlobalSection(SolutionProperties) = preSolution
		HideSolutionNode = FALSE
	EndGlobalSection
	GlobalSection(ExtensibilityGlobals) = postSolution
		SolutionGuid = {E0965891-7C8C-4DFE-86AE-1AEB30DA9469}
	EndGlobalSection
EndGlobal
